# THIS IS AN AUTOGENERATED FILE. DO NOT EDIT THIS FILE DIRECTLY.
# yarn lockfile v1


"@vitejs/create-app@^2.5.2":
  version "2.5.2"
  resolved "https://registry.yarnpkg.com/@vitejs/create-app/-/create-app-2.5.2.tgz#1e2e3c0592cc396836932dd056f418ba924889b5"
  integrity sha512-AGcgj8F/rG662QWNhLPBUQjfiVIKfMtNHrzMqFwKNOjUoUeija9jsqx9VZyyFceZY7JS8gSqNQfbKAVRyTqHQA==
  dependencies:
    create-vite latest
    kolorist "^1.5.0"

create-svelte@^3.0.4:
  version "3.0.4"
  resolved "https://registry.yarnpkg.com/create-svelte/-/create-svelte-3.0.4.tgz#c1035b7c96a8cb6d57d15ae9653df04a5cb75e54"
  integrity sha512-u9Yr4Rf4TSX3XZw/HDiW1BjlJ/gE/D5jxEya20sx3n5WXZnVAFAQ9S+18cfTLHMA1gKrjQpox7CVl3n3mTA1GA==
  dependencies:
    kleur "^4.1.5"
    prompts "^2.4.2"

create-vite@^4.1.0, create-vite@latest:
  version "4.1.0"
  resolved "https://registry.yarnpkg.com/create-vite/-/create-vite-4.1.0.tgz#107931dd181c8caa32ae32152367ac76c6d9d7ae"
  integrity sha512-IQAkwLJcp/6fQUnB2CBxTnsT5xfaHDUTCUi/LLWZTrzfrhVvtoKv9eHuXoG+XzyOyNgqUPJi9aNzwTXqSHw8Vg==

kleur@^3.0.3:
  version "3.0.3"
  resolved "https://registry.yarnpkg.com/kleur/-/kleur-3.0.3.tgz#a79c9ecc86ee1ce3fa6206d1216c501f147fc07e"
  integrity sha512-eTIzlVOSUR+JxdDFepEYcBMtZ9Qqdef+rnzWdRZuMbOywu5tO2w2N7rqjoANZ5k9vywhL6Br1VRjUIgTQx4E8w==

kleur@^4.1.5:
  version "4.1.5"
  resolved "https://registry.yarnpkg.com/kleur/-/kleur-4.1.5.tgz#95106101795f7050c6c650f350c683febddb1780"
  integrity sha512-o+NO+8WrRiQEE4/7nwRJhN1HWpVmJm511pBHUxPLtp0BUISzlBplORYSmTclCnJvQq2tKu/sgl3xVpkc7ZWuQQ==

kolorist@^1.5.0:
  version "1.7.0"
  resolved "https://registry.yarnpkg.com/kolorist/-/kolorist-1.7.0.tgz#8e22bc470ea2d2743dbd461808f8b5246b19f5f4"
  integrity sha512-ymToLHqL02udwVdbkowNpzjFd6UzozMtshPQKVi5k1EjKRqKqBrOnE9QbLEb0/pV76SAiIT13hdL8R6suc+f3g==

prompts@^2.4.2:
  version "2.4.2"
  resolved "https://registry.yarnpkg.com/prompts/-/prompts-2.4.2.tgz#7b57e73b3a48029ad10ebd44f74b01722a4cb069"
  integrity sha512-NxNv/kLguCA7p3jE8oL2aEBsrJWgAakBpgmgK6lpPWV+WuOmY6r2/zbAVnP+T8bQlA0nzHXSJSJW0Hq7ylaD2Q==
  dependencies:
    kleur "^3.0.3"
    sisteransi "^1.0.5"

sisteransi@^1.0.5:
  version "1.0.5"
  resolved "https://registry.yarnpkg.com/sisteransi/-/sisteransi-1.0.5.tgz#134d681297756437cc05ca01370d3a7a571075ed"
  integrity sha512-bLGGlR1QxBcynn2d5YmDX4MGjlZvy2MRBDRNHLJ8VI6l6+9FUiyTFNJ0IveOSP0bcXgVDPRcfGqA0pjaqUpfVg==
